// !$*UTF8*$!
{
	archiveVersion = 1;
	classes = {
	};
	objectVersion = 56;
	objects = {

/* Begin PBXBuildFile section */
		40C0BE202C43CA2200AE66AC /* AppDelegate.swift in Sources */ = {isa = PBXBuildFile; fileRef = 40C0BE1F2C43CA2200AE66AC /* AppDelegate.swift */; };
		40C0BE222C43CA2200AE66AC /* SceneDelegate.swift in Sources */ = {isa = PBXBuildFile; fileRef = 40C0BE212C43CA2200AE66AC /* SceneDelegate.swift */; };
		40C0BE2A2C43CA2200AE66AC /* SwiftNovice.xcdatamodeld in Sources */ = {isa = PBXBuildFile; fileRef = 40C0BE282C43CA2200AE66AC /* SwiftNovice.xcdatamodeld */; };
		40C0BE2C2C43CA2900AE66AC /* Assets.xcassets in Resources */ = {isa = PBXBuildFile; fileRef = 40C0BE2B2C43CA2900AE66AC /* Assets.xcassets */; };
		40C0BE2F2C43CA2900AE66AC /* Base in Resources */ = {isa = PBXBuildFile; fileRef = 40C0BE2E2C43CA2900AE66AC /* Base */; };
		40C0BE392C44FC3100AE66AC /* SNTabBarController.swift in Sources */ = {isa = PBXBuildFile; fileRef = 40C0BE382C44FC3100AE66AC /* SNTabBarController.swift */; };
		40C0BE3D2C44FD2C00AE66AC /* PrereqsVC.swift in Sources */ = {isa = PBXBuildFile; fileRef = 40C0BE3C2C44FD2C00AE66AC /* PrereqsVC.swift */; };
		40C0BE3F2C44FD5500AE66AC /* ProjectsVC.swift in Sources */ = {isa = PBXBuildFile; fileRef = 40C0BE3E2C44FD5500AE66AC /* ProjectsVC.swift */; };
		40C0BE412C44FD7200AE66AC /* InboxVC.swift in Sources */ = {isa = PBXBuildFile; fileRef = 40C0BE402C44FD7200AE66AC /* InboxVC.swift */; };
		40C0BE452C45013800AE66AC /* Constants+Utils.swift in Sources */ = {isa = PBXBuildFile; fileRef = 40C0BE442C45013800AE66AC /* Constants+Utils.swift */; };
		40C0BE482C45058A00AE66AC /* UIViewController+Ext.swift in Sources */ = {isa = PBXBuildFile; fileRef = 40C0BE472C45058A00AE66AC /* UIViewController+Ext.swift */; };
		40C0BE4A2C4506C900AE66AC /* UIResponder+Utils.swift in Sources */ = {isa = PBXBuildFile; fileRef = 40C0BE492C4506C900AE66AC /* UIResponder+Utils.swift */; };
		40C0BE512C4563E200AE66AC /* SNDataLoadingVC.swift in Sources */ = {isa = PBXBuildFile; fileRef = 40C0BE502C4563E200AE66AC /* SNDataLoadingVC.swift */; };
		40C0BE532C45648C00AE66AC /* SNTitleLabel.swift in Sources */ = {isa = PBXBuildFile; fileRef = 40C0BE522C45648C00AE66AC /* SNTitleLabel.swift */; };
		40C0BE552C45656F00AE66AC /* SNEmptyStateView.swift in Sources */ = {isa = PBXBuildFile; fileRef = 40C0BE542C45656F00AE66AC /* SNEmptyStateView.swift */; };
		40C0BE572C4565E300AE66AC /* UIView+Ext.swift in Sources */ = {isa = PBXBuildFile; fileRef = 40C0BE562C4565E300AE66AC /* UIView+Ext.swift */; };
/* End PBXBuildFile section */

/* Begin PBXFileReference section */
		40C0BE1C2C43CA2200AE66AC /* SwiftNovice.app */ = {isa = PBXFileReference; explicitFileType = wrapper.application; includeInIndex = 0; path = SwiftNovice.app; sourceTree = BUILT_PRODUCTS_DIR; };
		40C0BE1F2C43CA2200AE66AC /* AppDelegate.swift */ = {isa = PBXFileReference; lastKnownFileType = sourcecode.swift; path = AppDelegate.swift; sourceTree = "<group>"; };
		40C0BE212C43CA2200AE66AC /* SceneDelegate.swift */ = {isa = PBXFileReference; lastKnownFileType = sourcecode.swift; path = SceneDelegate.swift; sourceTree = "<group>"; };
		40C0BE292C43CA2200AE66AC /* SwiftNovice.xcdatamodel */ = {isa = PBXFileReference; lastKnownFileType = wrapper.xcdatamodel; path = SwiftNovice.xcdatamodel; sourceTree = "<group>"; };
		40C0BE2B2C43CA2900AE66AC /* Assets.xcassets */ = {isa = PBXFileReference; lastKnownFileType = folder.assetcatalog; path = Assets.xcassets; sourceTree = "<group>"; };
		40C0BE2E2C43CA2900AE66AC /* Base */ = {isa = PBXFileReference; lastKnownFileType = file.storyboard; name = Base; path = Base.lproj/LaunchScreen.storyboard; sourceTree = "<group>"; };
		40C0BE302C43CA2900AE66AC /* Info.plist */ = {isa = PBXFileReference; lastKnownFileType = text.plist.xml; path = Info.plist; sourceTree = "<group>"; };
		40C0BE382C44FC3100AE66AC /* SNTabBarController.swift */ = {isa = PBXFileReference; lastKnownFileType = sourcecode.swift; path = SNTabBarController.swift; sourceTree = "<group>"; };
		40C0BE3C2C44FD2C00AE66AC /* PrereqsVC.swift */ = {isa = PBXFileReference; lastKnownFileType = sourcecode.swift; path = PrereqsVC.swift; sourceTree = "<group>"; };
		40C0BE3E2C44FD5500AE66AC /* ProjectsVC.swift */ = {isa = PBXFileReference; lastKnownFileType = sourcecode.swift; path = ProjectsVC.swift; sourceTree = "<group>"; };
		40C0BE402C44FD7200AE66AC /* InboxVC.swift */ = {isa = PBXFileReference; lastKnownFileType = sourcecode.swift; path = InboxVC.swift; sourceTree = "<group>"; };
		40C0BE442C45013800AE66AC /* Constants+Utils.swift */ = {isa = PBXFileReference; lastKnownFileType = sourcecode.swift; path = "Constants+Utils.swift"; sourceTree = "<group>"; };
		40C0BE472C45058A00AE66AC /* UIViewController+Ext.swift */ = {isa = PBXFileReference; lastKnownFileType = sourcecode.swift; path = "UIViewController+Ext.swift"; sourceTree = "<group>"; };
		40C0BE492C4506C900AE66AC /* UIResponder+Utils.swift */ = {isa = PBXFileReference; lastKnownFileType = sourcecode.swift; path = "UIResponder+Utils.swift"; sourceTree = "<group>"; };
		40C0BE502C4563E200AE66AC /* SNDataLoadingVC.swift */ = {isa = PBXFileReference; lastKnownFileType = sourcecode.swift; path = SNDataLoadingVC.swift; sourceTree = "<group>"; };
		40C0BE522C45648C00AE66AC /* SNTitleLabel.swift */ = {isa = PBXFileReference; lastKnownFileType = sourcecode.swift; path = SNTitleLabel.swift; sourceTree = "<group>"; };
		40C0BE542C45656F00AE66AC /* SNEmptyStateView.swift */ = {isa = PBXFileReference; lastKnownFileType = sourcecode.swift; path = SNEmptyStateView.swift; sourceTree = "<group>"; };
		40C0BE562C4565E300AE66AC /* UIView+Ext.swift */ = {isa = PBXFileReference; lastKnownFileType = sourcecode.swift; path = "UIView+Ext.swift"; sourceTree = "<group>"; };
/* End PBXFileReference section */

/* Begin PBXFrameworksBuildPhase section */
		40C0BE192C43CA2200AE66AC /* Frameworks */ = {
			isa = PBXFrameworksBuildPhase;
			buildActionMask = 2147483647;
			files = (
			);
			runOnlyForDeploymentPostprocessing = 0;
		};
/* End PBXFrameworksBuildPhase section */

/* Begin PBXGroup section */
		40C0BE132C43CA2200AE66AC = {
			isa = PBXGroup;
			children = (
				40C0BE1E2C43CA2200AE66AC /* SwiftNovice */,
				40C0BE1D2C43CA2200AE66AC /* Products */,
			);
			sourceTree = "<group>";
		};
		40C0BE1D2C43CA2200AE66AC /* Products */ = {
			isa = PBXGroup;
			children = (
				40C0BE1C2C43CA2200AE66AC /* SwiftNovice.app */,
			);
			name = Products;
			sourceTree = "<group>";
		};
		40C0BE1E2C43CA2200AE66AC /* SwiftNovice */ = {
			isa = PBXGroup;
			children = (
				40C0BE462C45056A00AE66AC /* Extensions */,
				40C0BE432C45011D00AE66AC /* Utilities */,
				40C0BE362C44FBD700AE66AC /* CustomViews */,
				40C0BE3B2C44FCE900AE66AC /* Screens */,
				40C0BE3A2C44FCD400AE66AC /* Support */,
				40C0BE302C43CA2900AE66AC /* Info.plist */,
			);
			path = SwiftNovice;
			sourceTree = "<group>";
		};
		40C0BE362C44FBD700AE66AC /* CustomViews */ = {
			isa = PBXGroup;
			children = (
				40C0BE372C44FBED00AE66AC /* TabBarControllers */,
				40C0BE4F2C4563A300AE66AC /* ChildViewControllers */,
				40C0BE4E2C45639300AE66AC /* Labels */,
				40C0BE4B2C45635500AE66AC /* TextFields */,
				40C0BE4C2C45636700AE66AC /* Buttons */,
				40C0BE4D2C45638000AE66AC /* Views */,
			);
			path = CustomViews;
			sourceTree = "<group>";
		};
		40C0BE372C44FBED00AE66AC /* TabBarControllers */ = {
			isa = PBXGroup;
			children = (
				40C0BE382C44FC3100AE66AC /* SNTabBarController.swift */,
			);
			path = TabBarControllers;
			sourceTree = "<group>";
		};
		40C0BE3A2C44FCD400AE66AC /* Support */ = {
			isa = PBXGroup;
			children = (
				40C0BE1F2C43CA2200AE66AC /* AppDelegate.swift */,
				40C0BE212C43CA2200AE66AC /* SceneDelegate.swift */,
				40C0BE2B2C43CA2900AE66AC /* Assets.xcassets */,
				40C0BE2D2C43CA2900AE66AC /* LaunchScreen.storyboard */,
				40C0BE282C43CA2200AE66AC /* SwiftNovice.xcdatamodeld */,
			);
			path = Support;
			sourceTree = "<group>";
		};
		40C0BE3B2C44FCE900AE66AC /* Screens */ = {
			isa = PBXGroup;
			children = (
				40C0BE3C2C44FD2C00AE66AC /* PrereqsVC.swift */,
				40C0BE3E2C44FD5500AE66AC /* ProjectsVC.swift */,
				40C0BE402C44FD7200AE66AC /* InboxVC.swift */,
			);
			path = Screens;
			sourceTree = "<group>";
		};
		40C0BE432C45011D00AE66AC /* Utilities */ = {
			isa = PBXGroup;
			children = (
				40C0BE442C45013800AE66AC /* Constants+Utils.swift */,
				40C0BE492C4506C900AE66AC /* UIResponder+Utils.swift */,
			);
			path = Utilities;
			sourceTree = "<group>";
		};
		40C0BE462C45056A00AE66AC /* Extensions */ = {
			isa = PBXGroup;
			children = (
				40C0BE472C45058A00AE66AC /* UIViewController+Ext.swift */,
				40C0BE562C4565E300AE66AC /* UIView+Ext.swift */,
			);
			path = Extensions;
			sourceTree = "<group>";
		};
		40C0BE4B2C45635500AE66AC /* TextFields */ = {
			isa = PBXGroup;
			children = (
			);
			path = TextFields;
			sourceTree = "<group>";
		};
		40C0BE4C2C45636700AE66AC /* Buttons */ = {
			isa = PBXGroup;
			children = (
			);
			path = Buttons;
			sourceTree = "<group>";
		};
		40C0BE4D2C45638000AE66AC /* Views */ = {
			isa = PBXGroup;
			children = (
				40C0BE542C45656F00AE66AC /* SNEmptyStateView.swift */,
			);
			path = Views;
			sourceTree = "<group>";
		};
		40C0BE4E2C45639300AE66AC /* Labels */ = {
			isa = PBXGroup;
			children = (
				40C0BE522C45648C00AE66AC /* SNTitleLabel.swift */,
			);
			path = Labels;
			sourceTree = "<group>";
		};
		40C0BE4F2C4563A300AE66AC /* ChildViewControllers */ = {
			isa = PBXGroup;
			children = (
				40C0BE502C4563E200AE66AC /* SNDataLoadingVC.swift */,
			);
			path = ChildViewControllers;
			sourceTree = "<group>";
		};
/* End PBXGroup section */

/* Begin PBXNativeTarget section */
		40C0BE1B2C43CA2200AE66AC /* SwiftNovice */ = {
			isa = PBXNativeTarget;
			buildConfigurationList = 40C0BE332C43CA2900AE66AC /* Build configuration list for PBXNativeTarget "SwiftNovice" */;
			buildPhases = (
				40C0BE182C43CA2200AE66AC /* Sources */,
				40C0BE192C43CA2200AE66AC /* Frameworks */,
				40C0BE1A2C43CA2200AE66AC /* Resources */,
			);
			buildRules = (
			);
			dependencies = (
			);
			name = SwiftNovice;
			productName = SwiftNovice;
			productReference = 40C0BE1C2C43CA2200AE66AC /* SwiftNovice.app */;
			productType = "com.apple.product-type.application";
		};
/* End PBXNativeTarget section */

/* Begin PBXProject section */
		40C0BE142C43CA2200AE66AC /* Project object */ = {
			isa = PBXProject;
			attributes = {
				BuildIndependentTargetsInParallel = 1;
				LastSwiftUpdateCheck = 1540;
				LastUpgradeCheck = 1540;
				TargetAttributes = {
					40C0BE1B2C43CA2200AE66AC = {
						CreatedOnToolsVersion = 15.4;
					};
				};
			};
			buildConfigurationList = 40C0BE172C43CA2200AE66AC /* Build configuration list for PBXProject "SwiftNovice" */;
			compatibilityVersion = "Xcode 14.0";
			developmentRegion = en;
			hasScannedForEncodings = 0;
			knownRegions = (
				en,
				Base,
			);
			mainGroup = 40C0BE132C43CA2200AE66AC;
			productRefGroup = 40C0BE1D2C43CA2200AE66AC /* Products */;
			projectDirPath = "";
			projectRoot = "";
			targets = (
				40C0BE1B2C43CA2200AE66AC /* SwiftNovice */,
			);
		};
/* End PBXProject section */

/* Begin PBXResourcesBuildPhase section */
		40C0BE1A2C43CA2200AE66AC /* Resources */ = {
			isa = PBXResourcesBuildPhase;
			buildActionMask = 2147483647;
			files = (
				40C0BE2C2C43CA2900AE66AC /* Assets.xcassets in Resources */,
				40C0BE2F2C43CA2900AE66AC /* Base in Resources */,
			);
			runOnlyForDeploymentPostprocessing = 0;
		};
/* End PBXResourcesBuildPhase section */

/* Begin PBXSourcesBuildPhase section */
		40C0BE182C43CA2200AE66AC /* Sources */ = {
			isa = PBXSourcesBuildPhase;
			buildActionMask = 2147483647;
			files = (
				40C0BE392C44FC3100AE66AC /* SNTabBarController.swift in Sources */,
				40C0BE412C44FD7200AE66AC /* InboxVC.swift in Sources */,
				40C0BE552C45656F00AE66AC /* SNEmptyStateView.swift in Sources */,
				40C0BE482C45058A00AE66AC /* UIViewController+Ext.swift in Sources */,
				40C0BE572C4565E300AE66AC /* UIView+Ext.swift in Sources */,
				40C0BE2A2C43CA2200AE66AC /* SwiftNovice.xcdatamodeld in Sources */,
				40C0BE452C45013800AE66AC /* Constants+Utils.swift in Sources */,
				40C0BE3D2C44FD2C00AE66AC /* PrereqsVC.swift in Sources */,
				40C0BE202C43CA2200AE66AC /* AppDelegate.swift in Sources */,
				40C0BE4A2C4506C900AE66AC /* UIResponder+Utils.swift in Sources */,
				40C0BE532C45648C00AE66AC /* SNTitleLabel.swift in Sources */,
				40C0BE222C43CA2200AE66AC /* SceneDelegate.swift in Sources */,
				40C0BE512C4563E200AE66AC /* SNDataLoadingVC.swift in Sources */,
				40C0BE3F2C44FD5500AE66AC /* ProjectsVC.swift in Sources */,
			);
			runOnlyForDeploymentPostprocessing = 0;
		};
/* End PBXSourcesBuildPhase section */

/* Begin PBXVariantGroup section */
		40C0BE2D2C43CA2900AE66AC /* LaunchScreen.storyboard */ = {
			isa = PBXVariantGroup;
			children = (
				40C0BE2E2C43CA2900AE66AC /* Base */,
			);
			name = LaunchScreen.storyboard;
			sourceTree = "<group>";
		};
/* End PBXVariantGroup section */

/* Begin XCBuildConfiguration section */
		40C0BE312C43CA2900AE66AC /* Debug */ = {
			isa = XCBuildConfiguration;
			buildSettings = {
				ALWAYS_SEARCH_USER_PATHS = NO;
				ASSETCATALOG_COMPILER_GENERATE_SWIFT_ASSET_SYMBOL_EXTENSIONS = YES;
				CLANG_ANALYZER_NONNULL = YES;
				CLANG_ANALYZER_NUMBER_OBJECT_CONVERSION = YES_AGGRESSIVE;
				CLANG_CXX_LANGUAGE_STANDARD = "gnu++20";
				CLANG_ENABLE_MODULES = YES;
				CLANG_ENABLE_OBJC_ARC = YES;
				CLANG_ENABLE_OBJC_WEAK = YES;
				CLANG_WARN_BLOCK_CAPTURE_AUTORELEASING = YES;
				CLANG_WARN_BOOL_CONVERSION = YES;
				CLANG_WARN_COMMA = YES;
				CLANG_WARN_CONSTANT_CONVERSION = YES;
				CLANG_WARN_DEPRECATED_OBJC_IMPLEMENTATIONS = YES;
				CLANG_WARN_DIRECT_OBJC_ISA_USAGE = YES_ERROR;
				CLANG_WARN_DOCUMENTATION_COMMENTS = YES;
				CLANG_WARN_EMPTY_BODY = YES;
				CLANG_WARN_ENUM_CONVERSION = YES;
				CLANG_WARN_INFINITE_RECURSION = YES;
				CLANG_WARN_INT_CONVERSION = YES;
				CLANG_WARN_NON_LITERAL_NULL_CONVERSION = YES;
				CLANG_WARN_OBJC_IMPLICIT_RETAIN_SELF = YES;
				CLANG_WARN_OBJC_LITERAL_CONVERSION = YES;
				CLANG_WARN_OBJC_ROOT_CLASS = YES_ERROR;
				CLANG_WARN_QUOTED_INCLUDE_IN_FRAMEWORK_HEADER = YES;
				CLANG_WARN_RANGE_LOOP_ANALYSIS = YES;
				CLANG_WARN_STRICT_PROTOTYPES = YES;
				CLANG_WARN_SUSPICIOUS_MOVE = YES;
				CLANG_WARN_UNGUARDED_AVAILABILITY = YES_AGGRESSIVE;
				CLANG_WARN_UNREACHABLE_CODE = YES;
				CLANG_WARN__DUPLICATE_METHOD_MATCH = YES;
				COPY_PHASE_STRIP = NO;
				DEBUG_INFORMATION_FORMAT = dwarf;
				ENABLE_STRICT_OBJC_MSGSEND = YES;
				ENABLE_TESTABILITY = YES;
				ENABLE_USER_SCRIPT_SANDBOXING = YES;
				GCC_C_LANGUAGE_STANDARD = gnu17;
				GCC_DYNAMIC_NO_PIC = NO;
				GCC_NO_COMMON_BLOCKS = YES;
				GCC_OPTIMIZATION_LEVEL = 0;
				GCC_PREPROCESSOR_DEFINITIONS = (
					"DEBUG=1",
					"$(inherited)",
				);
				GCC_WARN_64_TO_32_BIT_CONVERSION = YES;
				GCC_WARN_ABOUT_RETURN_TYPE = YES_ERROR;
				GCC_WARN_UNDECLARED_SELECTOR = YES;
				GCC_WARN_UNINITIALIZED_AUTOS = YES_AGGRESSIVE;
				GCC_WARN_UNUSED_FUNCTION = YES;
				GCC_WARN_UNUSED_VARIABLE = YES;
				IPHONEOS_DEPLOYMENT_TARGET = 17.5;
				LOCALIZATION_PREFERS_STRING_CATALOGS = YES;
				MTL_ENABLE_DEBUG_INFO = INCLUDE_SOURCE;
				MTL_FAST_MATH = YES;
				ONLY_ACTIVE_ARCH = YES;
				SDKROOT = iphoneos;
				SWIFT_ACTIVE_COMPILATION_CONDITIONS = "DEBUG $(inherited)";
				SWIFT_OPTIMIZATION_LEVEL = "-Onone";
			};
			name = Debug;
		};
		40C0BE322C43CA2900AE66AC /* Release */ = {
			isa = XCBuildConfiguration;
			buildSettings = {
				ALWAYS_SEARCH_USER_PATHS = NO;
				ASSETCATALOG_COMPILER_GENERATE_SWIFT_ASSET_SYMBOL_EXTENSIONS = YES;
				CLANG_ANALYZER_NONNULL = YES;
				CLANG_ANALYZER_NUMBER_OBJECT_CONVERSION = YES_AGGRESSIVE;
				CLANG_CXX_LANGUAGE_STANDARD = "gnu++20";
				CLANG_ENABLE_MODULES = YES;
				CLANG_ENABLE_OBJC_ARC = YES;
				CLANG_ENABLE_OBJC_WEAK = YES;
				CLANG_WARN_BLOCK_CAPTURE_AUTORELEASING = YES;
				CLANG_WARN_BOOL_CONVERSION = YES;
				CLANG_WARN_COMMA = YES;
				CLANG_WARN_CONSTANT_CONVERSION = YES;
				CLANG_WARN_DEPRECATED_OBJC_IMPLEMENTATIONS = YES;
				CLANG_WARN_DIRECT_OBJC_ISA_USAGE = YES_ERROR;
				CLANG_WARN_DOCUMENTATION_COMMENTS = YES;
				CLANG_WARN_EMPTY_BODY = YES;
				CLANG_WARN_ENUM_CONVERSION = YES;
				CLANG_WARN_INFINITE_RECURSION = YES;
				CLANG_WARN_INT_CONVERSION = YES;
				CLANG_WARN_NON_LITERAL_NULL_CONVERSION = YES;
				CLANG_WARN_OBJC_IMPLICIT_RETAIN_SELF = YES;
				CLANG_WARN_OBJC_LITERAL_CONVERSION = YES;
				CLANG_WARN_OBJC_ROOT_CLASS = YES_ERROR;
				CLANG_WARN_QUOTED_INCLUDE_IN_FRAMEWORK_HEADER = YES;
				CLANG_WARN_RANGE_LOOP_ANALYSIS = YES;
				CLANG_WARN_STRICT_PROTOTYPES = YES;
				CLANG_WARN_SUSPICIOUS_MOVE = YES;
				CLANG_WARN_UNGUARDED_AVAILABILITY = YES_AGGRESSIVE;
				CLANG_WARN_UNREACHABLE_CODE = YES;
				CLANG_WARN__DUPLICATE_METHOD_MATCH = YES;
				COPY_PHASE_STRIP = NO;
				DEBUG_INFORMATION_FORMAT = "dwarf-with-dsym";
				ENABLE_NS_ASSERTIONS = NO;
				ENABLE_STRICT_OBJC_MSGSEND = YES;
				ENABLE_USER_SCRIPT_SANDBOXING = YES;
				GCC_C_LANGUAGE_STANDARD = gnu17;
				GCC_NO_COMMON_BLOCKS = YES;
				GCC_WARN_64_TO_32_BIT_CONVERSION = YES;
				GCC_WARN_ABOUT_RETURN_TYPE = YES_ERROR;
				GCC_WARN_UNDECLARED_SELECTOR = YES;
				GCC_WARN_UNINITIALIZED_AUTOS = YES_AGGRESSIVE;
				GCC_WARN_UNUSED_FUNCTION = YES;
				GCC_WARN_UNUSED_VARIABLE = YES;
				IPHONEOS_DEPLOYMENT_TARGET = 17.5;
				LOCALIZATION_PREFERS_STRING_CATALOGS = YES;
				MTL_ENABLE_DEBUG_INFO = NO;
				MTL_FAST_MATH = YES;
				SDKROOT = iphoneos;
				SWIFT_COMPILATION_MODE = wholemodule;
				VALIDATE_PRODUCT = YES;
			};
			name = Release;
		};
		40C0BE342C43CA2900AE66AC /* Debug */ = {
			isa = XCBuildConfiguration;
			buildSettings = {
				ASSETCATALOG_COMPILER_APPICON_NAME = AppIcon;
				ASSETCATALOG_COMPILER_GLOBAL_ACCENT_COLOR_NAME = AccentColor;
				CODE_SIGN_STYLE = Automatic;
				CURRENT_PROJECT_VERSION = 1;
				DEVELOPMENT_TEAM = M9MT23QW7V;
				GENERATE_INFOPLIST_FILE = YES;
				INFOPLIST_FILE = SwiftNovice/Info.plist;
				INFOPLIST_KEY_UIApplicationSupportsIndirectInputEvents = YES;
				INFOPLIST_KEY_UILaunchStoryboardName = LaunchScreen;
				INFOPLIST_KEY_UIMainStoryboardFile = "";
				INFOPLIST_KEY_UISupportedInterfaceOrientations_iPad = "UIInterfaceOrientationPortrait UIInterfaceOrientationPortraitUpsideDown UIInterfaceOrientationLandscapeLeft UIInterfaceOrientationLandscapeRight";
				INFOPLIST_KEY_UISupportedInterfaceOrientations_iPhone = "UIInterfaceOrientationPortrait UIInterfaceOrientationLandscapeLeft UIInterfaceOrientationLandscapeRight";
				LD_RUNPATH_SEARCH_PATHS = (
					"$(inherited)",
					"@executable_path/Frameworks",
				);
				MARKETING_VERSION = 1.0;
				PRODUCT_BUNDLE_IDENTIFIER = noahpope.SwiftNovice;
				PRODUCT_NAME = "$(TARGET_NAME)";
				SWIFT_EMIT_LOC_STRINGS = YES;
				SWIFT_VERSION = 5.0;
				TARGETED_DEVICE_FAMILY = "1,2";
			};
			name = Debug;
		};
		40C0BE352C43CA2900AE66AC /* Release */ = {
			isa = XCBuildConfiguration;
			buildSettings = {
				ASSETCATALOG_COMPILER_APPICON_NAME = AppIcon;
				ASSETCATALOG_COMPILER_GLOBAL_ACCENT_COLOR_NAME = AccentColor;
				CODE_SIGN_STYLE = Automatic;
				CURRENT_PROJECT_VERSION = 1;
				DEVELOPMENT_TEAM = M9MT23QW7V;
				GENERATE_INFOPLIST_FILE = YES;
				INFOPLIST_FILE = SwiftNovice/Info.plist;
				INFOPLIST_KEY_UIApplicationSupportsIndirectInputEvents = YES;
				INFOPLIST_KEY_UILaunchStoryboardName = LaunchScreen;
				INFOPLIST_KEY_UIMainStoryboardFile = "";
				INFOPLIST_KEY_UISupportedInterfaceOrientations_iPad = "UIInterfaceOrientationPortrait UIInterfaceOrientationPortraitUpsideDown UIInterfaceOrientationLandscapeLeft UIInterfaceOrientationLandscapeRight";
				INFOPLIST_KEY_UISupportedInterfaceOrientations_iPhone = "UIInterfaceOrientationPortrait UIInterfaceOrientationLandscapeLeft UIInterfaceOrientationLandscapeRight";
				LD_RUNPATH_SEARCH_PATHS = (
					"$(inherited)",
					"@executable_path/Frameworks",
				);
				MARKETING_VERSION = 1.0;
				PRODUCT_BUNDLE_IDENTIFIER = noahpope.SwiftNovice;
				PRODUCT_NAME = "$(TARGET_NAME)";
				SWIFT_EMIT_LOC_STRINGS = YES;
				SWIFT_VERSION = 5.0;
				TARGETED_DEVICE_FAMILY = "1,2";
			};
			name = Release;
		};
/* End XCBuildConfiguration section */

/* Begin XCConfigurationList section */
		40C0BE172C43CA2200AE66AC /* Build configuration list for PBXProject "SwiftNovice" */ = {
			isa = XCConfigurationList;
			buildConfigurations = (
				40C0BE312C43CA2900AE66AC /* Debug */,
				40C0BE322C43CA2900AE66AC /* Release */,
			);
			defaultConfigurationIsVisible = 0;
			defaultConfigurationName = Release;
		};
		40C0BE332C43CA2900AE66AC /* Build configuration list for PBXNativeTarget "SwiftNovice" */ = {
			isa = XCConfigurationList;
			buildConfigurations = (
				40C0BE342C43CA2900AE66AC /* Debug */,
				40C0BE352C43CA2900AE66AC /* Release */,
			);
			defaultConfigurationIsVisible = 0;
			defaultConfigurationName = Release;
		};
/* End XCConfigurationList section */

/* Begin XCVersionGroup section */
		40C0BE282C43CA2200AE66AC /* SwiftNovice.xcdatamodeld */ = {
			isa = XCVersionGroup;
			children = (
				40C0BE292C43CA2200AE66AC /* SwiftNovice.xcdatamodel */,
			);
			currentVersion = 40C0BE292C43CA2200AE66AC /* SwiftNovice.xcdatamodel */;
			path = SwiftNovice.xcdatamodeld;
			sourceTree = "<group>";
			versionGroupType = wrapper.xcdatamodel;
		};
/* End XCVersionGroup section */
	};
	rootObject = 40C0BE142C43CA2200AE66AC /* Project object */;
}
